
Microsoft Visual Studio Solution File, Format Version 12.00
# Visual Studio Version 17
VisualStudioVersion = 17.2.32616.157
MinimumVisualStudioVersion = 10.0.40219.1
Project("{FAE04EC0-301F-11D3-BF4B-00C04F79EFBC}") = "practicaAvanzada1", "practicaAvanzada1\practicaAvanzada1.csproj", "{FDE6AA0F-0C68-48B7-9797-3E75C11C4FE4}"
EndProject
Global
	GlobalSection(SolutionConfigurationPlatforms) = preSolution
		Debug|Any CPU = Debug|Any CPU
		Release|Any CPU = Release|Any CPU
	EndGlobalSection
	GlobalSection(ProjectConfigurationPlatforms) = postSolution
		{FDE6AA0F-0C68-48B7-9797-3E75C11C4FE4}.Debug|Any CPU.ActiveCfg = Debug|Any CPU
		{FDE6AA0F-0C68-48B7-9797-3E75C11C4FE4}.Debug|Any CPU.Build.0 = Debug|Any CPU
		{FDE6AA0F-0C68-48B7-9797-3E75C11C4FE4}.Release|Any CPU.ActiveCfg = Release|Any CPU
		{FDE6AA0F-0C68-48B7-9797-3E75C11C4FE4}.Release|Any CPU.Build.0 = Release|Any CPU
	EndGlobalSection
	GlobalSection(SolutionProperties) = preSolution
		HideSolutionNode = FALSE
	EndGlobalSection
	GlobalSection(ExtensibilityGlobals) = postSolution
		SolutionGuid = {9A0E6C17-8C7A-4A74-8946-99F35C1E98C3}
	EndGlobalSection
EndGlobal
